{
  "name": "teamwebsite",
  "version": "0.0.1",
  "lockfileVersion": 1,
  "requires": true,
  "dependencies": {
    "dress-code": {
      "version": "2.4.0",
      "resolved": "https://registry.npmjs.org/dress-code/-/dress-code-2.4.0.tgz",
      "integrity": "sha512-Z69kh9o1EJEu+vhvZx30DAoUxpvqACIOws3r3vcIn7tCON8sesQPYIz80DoiWi2HHdeOcC+b8FFJcIvFBdctKA=="
    },
    "mustache": {
      "version": "2.3.0",
      "resolved": "https://registry.npmjs.org/mustache/-/mustache-2.3.0.tgz",
      "integrity": "sha1-QCj3d4sXcIpImTCm5SrDvKDaQdA="
    }
  }
}
